// !$*UTF8*$!
{
	archiveVersion = 1;
	classes = {
	};
	objectVersion = 46;
	objects = {

/* Begin PBXBuildFile section */
		DA134A781E9D48ED002BE57D /* MetalConstants.swift in Sources */ = {isa = PBXBuildFile; fileRef = DA134A771E9D48ED002BE57D /* MetalConstants.swift */; };
		DA134A7B1E9D4A24002BE57D /* MScannerCamera.swift in Sources */ = {isa = PBXBuildFile; fileRef = DA134A7A1E9D4A24002BE57D /* MScannerCamera.swift */; };
		DA134A7D1E9D4EAC002BE57D /* MScannerMotion.swift in Sources */ = {isa = PBXBuildFile; fileRef = DA134A7C1E9D4EAC002BE57D /* MScannerMotion.swift */; };
		DA134A7F1E9D4EE9002BE57D /* MScannerRender.swift in Sources */ = {isa = PBXBuildFile; fileRef = DA134A7E1E9D4EE9002BE57D /* MScannerRender.swift */; };
		DA134A811E9D4FC1002BE57D /* MScannerRenderBackground.swift in Sources */ = {isa = PBXBuildFile; fileRef = DA134A801E9D4FC1002BE57D /* MScannerRenderBackground.swift */; };
		DA134A881E9D5076002BE57D /* ExtensionMTKTextureLoader.swift in Sources */ = {isa = PBXBuildFile; fileRef = DA134A841E9D5076002BE57D /* ExtensionMTKTextureLoader.swift */; };
		DA134A891E9D5076002BE57D /* ExtensionMTLDevice.swift in Sources */ = {isa = PBXBuildFile; fileRef = DA134A851E9D5076002BE57D /* ExtensionMTLDevice.swift */; };
		DA134A8A1E9D5076002BE57D /* ExtensionMTLRenderCommandEncoder.swift in Sources */ = {isa = PBXBuildFile; fileRef = DA134A861E9D5076002BE57D /* ExtensionMTLRenderCommandEncoder.swift */; };
		DA134A8B1E9D5076002BE57D /* ExtensionMTLTexture.swift in Sources */ = {isa = PBXBuildFile; fileRef = DA134A871E9D5076002BE57D /* ExtensionMTLTexture.swift */; };
		DA134A9E1E9D549E002BE57D /* MetalBufferableProtocol.swift in Sources */ = {isa = PBXBuildFile; fileRef = DA134A8C1E9D549E002BE57D /* MetalBufferableProtocol.swift */; };
		DA134A9F1E9D549E002BE57D /* MetalSpatialDirectionPositive.swift in Sources */ = {isa = PBXBuildFile; fileRef = DA134A8D1E9D549E002BE57D /* MetalSpatialDirectionPositive.swift */; };
		DA134AA01E9D549E002BE57D /* MetalPosition.swift in Sources */ = {isa = PBXBuildFile; fileRef = DA134A8E1E9D549E002BE57D /* MetalPosition.swift */; };
		DA134AA11E9D549E002BE57D /* MetalVertexFace.swift in Sources */ = {isa = PBXBuildFile; fileRef = DA134A8F1E9D549E002BE57D /* MetalVertexFace.swift */; };
		DA134AA21E9D549E002BE57D /* MetalProjection.swift in Sources */ = {isa = PBXBuildFile; fileRef = DA134A901E9D549E002BE57D /* MetalProjection.swift */; };
		DA134AA31E9D549E002BE57D /* MetalVertexTextured.swift in Sources */ = {isa = PBXBuildFile; fileRef = DA134A911E9D549E002BE57D /* MetalVertexTextured.swift */; };
		DA134AA41E9D549E002BE57D /* MetalSpatialBase.swift in Sources */ = {isa = PBXBuildFile; fileRef = DA134A921E9D549E002BE57D /* MetalSpatialBase.swift */; };
		DA134AA51E9D549E002BE57D /* MetalSpatialDirection.swift in Sources */ = {isa = PBXBuildFile; fileRef = DA134A931E9D549E002BE57D /* MetalSpatialDirection.swift */; };
		DA134AA61E9D549E002BE57D /* MetalProjectionMatrix.swift in Sources */ = {isa = PBXBuildFile; fileRef = DA134A941E9D549E002BE57D /* MetalProjectionMatrix.swift */; };
		DA134AA71E9D549E002BE57D /* MetalRenderableProtocol.swift in Sources */ = {isa = PBXBuildFile; fileRef = DA134A961E9D549E002BE57D /* MetalRenderableProtocol.swift */; };
		DA134AA81E9D549E002BE57D /* MetalSpatialDirectionNegative.swift in Sources */ = {isa = PBXBuildFile; fileRef = DA134A971E9D549E002BE57D /* MetalSpatialDirectionNegative.swift */; };
		DA134AA91E9D549E002BE57D /* MetalShaderVertexTextured.metal in Sources */ = {isa = PBXBuildFile; fileRef = DA134A981E9D549E002BE57D /* MetalShaderVertexTextured.metal */; };
		DA134AAA1E9D549E002BE57D /* MetalSpatialShapeSquare.swift in Sources */ = {isa = PBXBuildFile; fileRef = DA134A991E9D549E002BE57D /* MetalSpatialShapeSquare.swift */; };
		DA134AAB1E9D549E002BE57D /* MetalRotation.swift in Sources */ = {isa = PBXBuildFile; fileRef = DA134A9A1E9D549E002BE57D /* MetalRotation.swift */; };
		DA134AAC1E9D549E002BE57D /* MetalSpatialShapeSquarePositive.swift in Sources */ = {isa = PBXBuildFile; fileRef = DA134A9B1E9D549E002BE57D /* MetalSpatialShapeSquarePositive.swift */; };
		DA134AAD1E9D549E002BE57D /* MetalShaderFragmentSimple.metal in Sources */ = {isa = PBXBuildFile; fileRef = DA134A9C1E9D549E002BE57D /* MetalShaderFragmentSimple.metal */; };
		DA134AAE1E9D549E002BE57D /* MetalVertex.swift in Sources */ = {isa = PBXBuildFile; fileRef = DA134A9D1E9D549E002BE57D /* MetalVertex.swift */; };
		DA134AB01E9D5D69002BE57D /* texture.xcassets in Resources */ = {isa = PBXBuildFile; fileRef = DA134AAF1E9D5D69002BE57D /* texture.xcassets */; };
		DA134AB21E9D6DB5002BE57D /* MScannerGPS.swift in Sources */ = {isa = PBXBuildFile; fileRef = DA134AB11E9D6DB5002BE57D /* MScannerGPS.swift */; };
		DA134AB81E9D89C3002BE57D /* MScannerRenderMines.swift in Sources */ = {isa = PBXBuildFile; fileRef = DA134AB71E9D89C3002BE57D /* MScannerRenderMines.swift */; };
		DA134ABA1E9D89CC002BE57D /* MScannerRenderMinesItem.swift in Sources */ = {isa = PBXBuildFile; fileRef = DA134AB91E9D89CC002BE57D /* MScannerRenderMinesItem.swift */; };
		DA4DC4581EA12E1C0024D28E /* MScannerOrientation.swift in Sources */ = {isa = PBXBuildFile; fileRef = DA4DC4571EA12E1C0024D28E /* MScannerOrientation.swift */; };
		DAF15D551E9D32BB0000E6B9 /* LaunchScreen.storyboard in Resources */ = {isa = PBXBuildFile; fileRef = DAF15D311E9D32BB0000E6B9 /* LaunchScreen.storyboard */; };
		DAF15D561E9D32BB0000E6B9 /* CAppDelegate.swift in Sources */ = {isa = PBXBuildFile; fileRef = DAF15D331E9D32BB0000E6B9 /* CAppDelegate.swift */; };
		DAF15D571E9D32BB0000E6B9 /* CController.swift in Sources */ = {isa = PBXBuildFile; fileRef = DAF15D341E9D32BB0000E6B9 /* CController.swift */; };
		DAF15D581E9D32BB0000E6B9 /* CParent.swift in Sources */ = {isa = PBXBuildFile; fileRef = DAF15D351E9D32BB0000E6B9 /* CParent.swift */; };
		DAF15D591E9D32BB0000E6B9 /* DManager.swift in Sources */ = {isa = PBXBuildFile; fileRef = DAF15D371E9D32BB0000E6B9 /* DManager.swift */; };
		DAF15D5A1E9D32BB0000E6B9 /* DSettingsExtension.swift in Sources */ = {isa = PBXBuildFile; fileRef = DAF15D381E9D32BB0000E6B9 /* DSettingsExtension.swift */; };
		DAF15D5B1E9D32BB0000E6B9 /* ExtensionFileManager.swift in Sources */ = {isa = PBXBuildFile; fileRef = DAF15D3A1E9D32BB0000E6B9 /* ExtensionFileManager.swift */; };
		DAF15D5C1E9D32BB0000E6B9 /* ExtensionNotification.swift in Sources */ = {isa = PBXBuildFile; fileRef = DAF15D3B1E9D32BB0000E6B9 /* ExtensionNotification.swift */; };
		DAF15D5D1E9D32BB0000E6B9 /* ExtensionNSLayoutConstraint.swift in Sources */ = {isa = PBXBuildFile; fileRef = DAF15D3C1E9D32BB0000E6B9 /* ExtensionNSLayoutConstraint.swift */; };
		DAF15D5E1E9D32BB0000E6B9 /* ExtensionNSManagedObject.swift in Sources */ = {isa = PBXBuildFile; fileRef = DAF15D3D1E9D32BB0000E6B9 /* ExtensionNSManagedObject.swift */; };
		DAF15D5F1E9D32BB0000E6B9 /* ExtensionString.swift in Sources */ = {isa = PBXBuildFile; fileRef = DAF15D3E1E9D32BB0000E6B9 /* ExtensionString.swift */; };
		DAF15D601E9D32BB0000E6B9 /* ExtensionUICollectionReusableView.swift in Sources */ = {isa = PBXBuildFile; fileRef = DAF15D3F1E9D32BB0000E6B9 /* ExtensionUICollectionReusableView.swift */; };
		DAF15D611E9D32BB0000E6B9 /* ExtensionUIColor.swift in Sources */ = {isa = PBXBuildFile; fileRef = DAF15D401E9D32BB0000E6B9 /* ExtensionUIColor.swift */; };
		DAF15D621E9D32BB0000E6B9 /* ExtensionUIFont.swift in Sources */ = {isa = PBXBuildFile; fileRef = DAF15D411E9D32BB0000E6B9 /* ExtensionUIFont.swift */; };
		DAF15D631E9D32BB0000E6B9 /* ExtensionURL.swift in Sources */ = {isa = PBXBuildFile; fileRef = DAF15D421E9D32BB0000E6B9 /* ExtensionURL.swift */; };
		DAF15D641E9D32BB0000E6B9 /* MSession.swift in Sources */ = {isa = PBXBuildFile; fileRef = DAF15D451E9D32BB0000E6B9 /* MSession.swift */; };
		DAF15D651E9D32BB0000E6B9 /* Localizable.strings in Resources */ = {isa = PBXBuildFile; fileRef = DAF15D471E9D32BB0000E6B9 /* Localizable.strings */; };
		DAF15D661E9D32BB0000E6B9 /* VAlert.swift in Sources */ = {isa = PBXBuildFile; fileRef = DAF15D4B1E9D32BB0000E6B9 /* VAlert.swift */; };
		DAF15D671E9D32BB0000E6B9 /* VBlur.swift in Sources */ = {isa = PBXBuildFile; fileRef = DAF15D4C1E9D32BB0000E6B9 /* VBlur.swift */; };
		DAF15D681E9D32BB0000E6B9 /* VBorder.swift in Sources */ = {isa = PBXBuildFile; fileRef = DAF15D4D1E9D32BB0000E6B9 /* VBorder.swift */; };
		DAF15D691E9D32BB0000E6B9 /* VCollection.swift in Sources */ = {isa = PBXBuildFile; fileRef = DAF15D4E1E9D32BB0000E6B9 /* VCollection.swift */; };
		DAF15D6A1E9D32BB0000E6B9 /* VCollectionFlow.swift in Sources */ = {isa = PBXBuildFile; fileRef = DAF15D4F1E9D32BB0000E6B9 /* VCollectionFlow.swift */; };
		DAF15D6B1E9D32BB0000E6B9 /* VParent.swift in Sources */ = {isa = PBXBuildFile; fileRef = DAF15D501E9D32BB0000E6B9 /* VParent.swift */; };
		DAF15D6C1E9D32BB0000E6B9 /* VParentPushBackground.swift in Sources */ = {isa = PBXBuildFile; fileRef = DAF15D511E9D32BB0000E6B9 /* VParentPushBackground.swift */; };
		DAF15D6D1E9D32BB0000E6B9 /* VSpinner.swift in Sources */ = {isa = PBXBuildFile; fileRef = DAF15D521E9D32BB0000E6B9 /* VSpinner.swift */; };
		DAF15D6E1E9D32BB0000E6B9 /* VToast.swift in Sources */ = {isa = PBXBuildFile; fileRef = DAF15D531E9D32BB0000E6B9 /* VToast.swift */; };
		DAF15D6F1E9D32BB0000E6B9 /* VView.swift in Sources */ = {isa = PBXBuildFile; fileRef = DAF15D541E9D32BB0000E6B9 /* VView.swift */; };
		DAF15D721E9D34810000E6B9 /* DBox.xcdatamodeld in Sources */ = {isa = PBXBuildFile; fileRef = DAF15D701E9D34810000E6B9 /* DBox.xcdatamodeld */; };
		DAF15D741E9D34FF0000E6B9 /* CLanding.swift in Sources */ = {isa = PBXBuildFile; fileRef = DAF15D731E9D34FF0000E6B9 /* CLanding.swift */; };
		DAF15D771E9D35CF0000E6B9 /* VLanding.swift in Sources */ = {isa = PBXBuildFile; fileRef = DAF15D761E9D35CF0000E6B9 /* VLanding.swift */; };
		DAF15D791E9D40A20000E6B9 /* CScanner.swift in Sources */ = {isa = PBXBuildFile; fileRef = DAF15D781E9D40A20000E6B9 /* CScanner.swift */; };
		DAF15D7C1E9D40BC0000E6B9 /* VScanner.swift in Sources */ = {isa = PBXBuildFile; fileRef = DAF15D7B1E9D40BC0000E6B9 /* VScanner.swift */; };
		DAF15D7E1E9D47A40000E6B9 /* VScannerMetal.swift in Sources */ = {isa = PBXBuildFile; fileRef = DAF15D7D1E9D47A40000E6B9 /* VScannerMetal.swift */; };
/* End PBXBuildFile section */

/* Begin PBXFileReference section */
		DA134A771E9D48ED002BE57D /* MetalConstants.swift */ = {isa = PBXFileReference; fileEncoding = 4; lastKnownFileType = sourcecode.swift; path = MetalConstants.swift; sourceTree = "<group>"; };
		DA134A7A1E9D4A24002BE57D /* MScannerCamera.swift */ = {isa = PBXFileReference; fileEncoding = 4; lastKnownFileType = sourcecode.swift; path = MScannerCamera.swift; sourceTree = "<group>"; };
		DA134A7C1E9D4EAC002BE57D /* MScannerMotion.swift */ = {isa = PBXFileReference; fileEncoding = 4; lastKnownFileType = sourcecode.swift; path = MScannerMotion.swift; sourceTree = "<group>"; };
		DA134A7E1E9D4EE9002BE57D /* MScannerRender.swift */ = {isa = PBXFileReference; fileEncoding = 4; lastKnownFileType = sourcecode.swift; path = MScannerRender.swift; sourceTree = "<group>"; };
		DA134A801E9D4FC1002BE57D /* MScannerRenderBackground.swift */ = {isa = PBXFileReference; fileEncoding = 4; lastKnownFileType = sourcecode.swift; path = MScannerRenderBackground.swift; sourceTree = "<group>"; };
		DA134A841E9D5076002BE57D /* ExtensionMTKTextureLoader.swift */ = {isa = PBXFileReference; fileEncoding = 4; lastKnownFileType = sourcecode.swift; path = ExtensionMTKTextureLoader.swift; sourceTree = "<group>"; };
		DA134A851E9D5076002BE57D /* ExtensionMTLDevice.swift */ = {isa = PBXFileReference; fileEncoding = 4; lastKnownFileType = sourcecode.swift; path = ExtensionMTLDevice.swift; sourceTree = "<group>"; };
		DA134A861E9D5076002BE57D /* ExtensionMTLRenderCommandEncoder.swift */ = {isa = PBXFileReference; fileEncoding = 4; lastKnownFileType = sourcecode.swift; path = ExtensionMTLRenderCommandEncoder.swift; sourceTree = "<group>"; };
		DA134A871E9D5076002BE57D /* ExtensionMTLTexture.swift */ = {isa = PBXFileReference; fileEncoding = 4; lastKnownFileType = sourcecode.swift; path = ExtensionMTLTexture.swift; sourceTree = "<group>"; };
		DA134A8C1E9D549E002BE57D /* MetalBufferableProtocol.swift */ = {isa = PBXFileReference; fileEncoding = 4; lastKnownFileType = sourcecode.swift; path = MetalBufferableProtocol.swift; sourceTree = "<group>"; };
		DA134A8D1E9D549E002BE57D /* MetalSpatialDirectionPositive.swift */ = {isa = PBXFileReference; fileEncoding = 4; lastKnownFileType = sourcecode.swift; path = MetalSpatialDirectionPositive.swift; sourceTree = "<group>"; };
		DA134A8E1E9D549E002BE57D /* MetalPosition.swift */ = {isa = PBXFileReference; fileEncoding = 4; lastKnownFileType = sourcecode.swift; path = MetalPosition.swift; sourceTree = "<group>"; };
		DA134A8F1E9D549E002BE57D /* MetalVertexFace.swift */ = {isa = PBXFileReference; fileEncoding = 4; lastKnownFileType = sourcecode.swift; path = MetalVertexFace.swift; sourceTree = "<group>"; };
		DA134A901E9D549E002BE57D /* MetalProjection.swift */ = {isa = PBXFileReference; fileEncoding = 4; lastKnownFileType = sourcecode.swift; path = MetalProjection.swift; sourceTree = "<group>"; };
		DA134A911E9D549E002BE57D /* MetalVertexTextured.swift */ = {isa = PBXFileReference; fileEncoding = 4; lastKnownFileType = sourcecode.swift; path = MetalVertexTextured.swift; sourceTree = "<group>"; };
		DA134A921E9D549E002BE57D /* MetalSpatialBase.swift */ = {isa = PBXFileReference; fileEncoding = 4; lastKnownFileType = sourcecode.swift; path = MetalSpatialBase.swift; sourceTree = "<group>"; };
		DA134A931E9D549E002BE57D /* MetalSpatialDirection.swift */ = {isa = PBXFileReference; fileEncoding = 4; lastKnownFileType = sourcecode.swift; path = MetalSpatialDirection.swift; sourceTree = "<group>"; };
		DA134A941E9D549E002BE57D /* MetalProjectionMatrix.swift */ = {isa = PBXFileReference; fileEncoding = 4; lastKnownFileType = sourcecode.swift; path = MetalProjectionMatrix.swift; sourceTree = "<group>"; };
		DA134A951E9D549E002BE57D /* MetalShaderStructs.h */ = {isa = PBXFileReference; fileEncoding = 4; lastKnownFileType = sourcecode.c.h; path = MetalShaderStructs.h; sourceTree = "<group>"; };
		DA134A961E9D549E002BE57D /* MetalRenderableProtocol.swift */ = {isa = PBXFileReference; fileEncoding = 4; lastKnownFileType = sourcecode.swift; path = MetalRenderableProtocol.swift; sourceTree = "<group>"; };
		DA134A971E9D549E002BE57D /* MetalSpatialDirectionNegative.swift */ = {isa = PBXFileReference; fileEncoding = 4; lastKnownFileType = sourcecode.swift; path = MetalSpatialDirectionNegative.swift; sourceTree = "<group>"; };
		DA134A981E9D549E002BE57D /* MetalShaderVertexTextured.metal */ = {isa = PBXFileReference; fileEncoding = 4; lastKnownFileType = sourcecode.metal; path = MetalShaderVertexTextured.metal; sourceTree = "<group>"; };
		DA134A991E9D549E002BE57D /* MetalSpatialShapeSquare.swift */ = {isa = PBXFileReference; fileEncoding = 4; lastKnownFileType = sourcecode.swift; path = MetalSpatialShapeSquare.swift; sourceTree = "<group>"; };
		DA134A9A1E9D549E002BE57D /* MetalRotation.swift */ = {isa = PBXFileReference; fileEncoding = 4; lastKnownFileType = sourcecode.swift; path = MetalRotation.swift; sourceTree = "<group>"; };
		DA134A9B1E9D549E002BE57D /* MetalSpatialShapeSquarePositive.swift */ = {isa = PBXFileReference; fileEncoding = 4; lastKnownFileType = sourcecode.swift; path = MetalSpatialShapeSquarePositive.swift; sourceTree = "<group>"; };
		DA134A9C1E9D549E002BE57D /* MetalShaderFragmentSimple.metal */ = {isa = PBXFileReference; fileEncoding = 4; lastKnownFileType = sourcecode.metal; path = MetalShaderFragmentSimple.metal; sourceTree = "<group>"; };
		DA134A9D1E9D549E002BE57D /* MetalVertex.swift */ = {isa = PBXFileReference; fileEncoding = 4; lastKnownFileType = sourcecode.swift; path = MetalVertex.swift; sourceTree = "<group>"; };
		DA134AAF1E9D5D69002BE57D /* texture.xcassets */ = {isa = PBXFileReference; lastKnownFileType = folder.assetcatalog; path = texture.xcassets; sourceTree = "<group>"; };
		DA134AB11E9D6DB5002BE57D /* MScannerGPS.swift */ = {isa = PBXFileReference; fileEncoding = 4; lastKnownFileType = sourcecode.swift; path = MScannerGPS.swift; sourceTree = "<group>"; };
		DA134AB71E9D89C3002BE57D /* MScannerRenderMines.swift */ = {isa = PBXFileReference; fileEncoding = 4; lastKnownFileType = sourcecode.swift; path = MScannerRenderMines.swift; sourceTree = "<group>"; };
		DA134AB91E9D89CC002BE57D /* MScannerRenderMinesItem.swift */ = {isa = PBXFileReference; fileEncoding = 4; lastKnownFileType = sourcecode.swift; path = MScannerRenderMinesItem.swift; sourceTree = "<group>"; };
		DA4DC4571EA12E1C0024D28E /* MScannerOrientation.swift */ = {isa = PBXFileReference; fileEncoding = 4; lastKnownFileType = sourcecode.swift; path = MScannerOrientation.swift; sourceTree = "<group>"; };
		DAC3362A1E9D20EE0022D7ED /* box.app */ = {isa = PBXFileReference; explicitFileType = wrapper.application; includeInIndex = 0; path = box.app; sourceTree = BUILT_PRODUCTS_DIR; };
		DAC336391E9D20EE0022D7ED /* Info.plist */ = {isa = PBXFileReference; lastKnownFileType = text.plist.xml; path = Info.plist; sourceTree = "<group>"; };
		DAF15D311E9D32BB0000E6B9 /* LaunchScreen.storyboard */ = {isa = PBXFileReference; fileEncoding = 4; lastKnownFileType = file.storyboard; path = LaunchScreen.storyboard; sourceTree = "<group>"; };
		DAF15D331E9D32BB0000E6B9 /* CAppDelegate.swift */ = {isa = PBXFileReference; fileEncoding = 4; lastKnownFileType = sourcecode.swift; path = CAppDelegate.swift; sourceTree = "<group>"; };
		DAF15D341E9D32BB0000E6B9 /* CController.swift */ = {isa = PBXFileReference; fileEncoding = 4; lastKnownFileType = sourcecode.swift; path = CController.swift; sourceTree = "<group>"; };
		DAF15D351E9D32BB0000E6B9 /* CParent.swift */ = {isa = PBXFileReference; fileEncoding = 4; lastKnownFileType = sourcecode.swift; path = CParent.swift; sourceTree = "<group>"; };
		DAF15D371E9D32BB0000E6B9 /* DManager.swift */ = {isa = PBXFileReference; fileEncoding = 4; lastKnownFileType = sourcecode.swift; path = DManager.swift; sourceTree = "<group>"; };
		DAF15D381E9D32BB0000E6B9 /* DSettingsExtension.swift */ = {isa = PBXFileReference; fileEncoding = 4; lastKnownFileType = sourcecode.swift; path = DSettingsExtension.swift; sourceTree = "<group>"; };
		DAF15D3A1E9D32BB0000E6B9 /* ExtensionFileManager.swift */ = {isa = PBXFileReference; fileEncoding = 4; lastKnownFileType = sourcecode.swift; path = ExtensionFileManager.swift; sourceTree = "<group>"; };
		DAF15D3B1E9D32BB0000E6B9 /* ExtensionNotification.swift */ = {isa = PBXFileReference; fileEncoding = 4; lastKnownFileType = sourcecode.swift; path = ExtensionNotification.swift; sourceTree = "<group>"; };
		DAF15D3C1E9D32BB0000E6B9 /* ExtensionNSLayoutConstraint.swift */ = {isa = PBXFileReference; fileEncoding = 4; lastKnownFileType = sourcecode.swift; path = ExtensionNSLayoutConstraint.swift; sourceTree = "<group>"; };
		DAF15D3D1E9D32BB0000E6B9 /* ExtensionNSManagedObject.swift */ = {isa = PBXFileReference; fileEncoding = 4; lastKnownFileType = sourcecode.swift; path = ExtensionNSManagedObject.swift; sourceTree = "<group>"; };
		DAF15D3E1E9D32BB0000E6B9 /* ExtensionString.swift */ = {isa = PBXFileReference; fileEncoding = 4; lastKnownFileType = sourcecode.swift; path = ExtensionString.swift; sourceTree = "<group>"; };
		DAF15D3F1E9D32BB0000E6B9 /* ExtensionUICollectionReusableView.swift */ = {isa = PBXFileReference; fileEncoding = 4; lastKnownFileType = sourcecode.swift; path = ExtensionUICollectionReusableView.swift; sourceTree = "<group>"; };
		DAF15D401E9D32BB0000E6B9 /* ExtensionUIColor.swift */ = {isa = PBXFileReference; fileEncoding = 4; lastKnownFileType = sourcecode.swift; path = ExtensionUIColor.swift; sourceTree = "<group>"; };
		DAF15D411E9D32BB0000E6B9 /* ExtensionUIFont.swift */ = {isa = PBXFileReference; fileEncoding = 4; lastKnownFileType = sourcecode.swift; path = ExtensionUIFont.swift; sourceTree = "<group>"; };
		DAF15D421E9D32BB0000E6B9 /* ExtensionURL.swift */ = {isa = PBXFileReference; fileEncoding = 4; lastKnownFileType = sourcecode.swift; path = ExtensionURL.swift; sourceTree = "<group>"; };
		DAF15D451E9D32BB0000E6B9 /* MSession.swift */ = {isa = PBXFileReference; fileEncoding = 4; lastKnownFileType = sourcecode.swift; path = MSession.swift; sourceTree = "<group>"; };
		DAF15D481E9D32BB0000E6B9 /* en */ = {isa = PBXFileReference; lastKnownFileType = text.plist.strings; name = en; path = en.lproj/Localizable.strings; sourceTree = "<group>"; };
		DAF15D4B1E9D32BB0000E6B9 /* VAlert.swift */ = {isa = PBXFileReference; fileEncoding = 4; lastKnownFileType = sourcecode.swift; path = VAlert.swift; sourceTree = "<group>"; };
		DAF15D4C1E9D32BB0000E6B9 /* VBlur.swift */ = {isa = PBXFileReference; fileEncoding = 4; lastKnownFileType = sourcecode.swift; path = VBlur.swift; sourceTree = "<group>"; };
		DAF15D4D1E9D32BB0000E6B9 /* VBorder.swift */ = {isa = PBXFileReference; fileEncoding = 4; lastKnownFileType = sourcecode.swift; path = VBorder.swift; sourceTree = "<group>"; };
		DAF15D4E1E9D32BB0000E6B9 /* VCollection.swift */ = {isa = PBXFileReference; fileEncoding = 4; lastKnownFileType = sourcecode.swift; path = VCollection.swift; sourceTree = "<group>"; };
		DAF15D4F1E9D32BB0000E6B9 /* VCollectionFlow.swift */ = {isa = PBXFileReference; fileEncoding = 4; lastKnownFileType = sourcecode.swift; path = VCollectionFlow.swift; sourceTree = "<group>"; };
		DAF15D501E9D32BB0000E6B9 /* VParent.swift */ = {isa = PBXFileReference; fileEncoding = 4; lastKnownFileType = sourcecode.swift; path = VParent.swift; sourceTree = "<group>"; };
		DAF15D511E9D32BB0000E6B9 /* VParentPushBackground.swift */ = {isa = PBXFileReference; fileEncoding = 4; lastKnownFileType = sourcecode.swift; path = VParentPushBackground.swift; sourceTree = "<group>"; };
		DAF15D521E9D32BB0000E6B9 /* VSpinner.swift */ = {isa = PBXFileReference; fileEncoding = 4; lastKnownFileType = sourcecode.swift; path = VSpinner.swift; sourceTree = "<group>"; };
		DAF15D531E9D32BB0000E6B9 /* VToast.swift */ = {isa = PBXFileReference; fileEncoding = 4; lastKnownFileType = sourcecode.swift; path = VToast.swift; sourceTree = "<group>"; };
		DAF15D541E9D32BB0000E6B9 /* VView.swift */ = {isa = PBXFileReference; fileEncoding = 4; lastKnownFileType = sourcecode.swift; path = VView.swift; sourceTree = "<group>"; };
		DAF15D711E9D34810000E6B9 /* DBox.xcdatamodel */ = {isa = PBXFileReference; lastKnownFileType = wrapper.xcdatamodel; path = DBox.xcdatamodel; sourceTree = "<group>"; };
		DAF15D731E9D34FF0000E6B9 /* CLanding.swift */ = {isa = PBXFileReference; fileEncoding = 4; lastKnownFileType = sourcecode.swift; path = CLanding.swift; sourceTree = "<group>"; };
		DAF15D761E9D35CF0000E6B9 /* VLanding.swift */ = {isa = PBXFileReference; fileEncoding = 4; lastKnownFileType = sourcecode.swift; path = VLanding.swift; sourceTree = "<group>"; };
		DAF15D781E9D40A20000E6B9 /* CScanner.swift */ = {isa = PBXFileReference; fileEncoding = 4; lastKnownFileType = sourcecode.swift; path = CScanner.swift; sourceTree = "<group>"; };
		DAF15D7B1E9D40BC0000E6B9 /* VScanner.swift */ = {isa = PBXFileReference; fileEncoding = 4; lastKnownFileType = sourcecode.swift; path = VScanner.swift; sourceTree = "<group>"; };
		DAF15D7D1E9D47A40000E6B9 /* VScannerMetal.swift */ = {isa = PBXFileReference; fileEncoding = 4; lastKnownFileType = sourcecode.swift; path = VScannerMetal.swift; sourceTree = "<group>"; };
/* End PBXFileReference section */

/* Begin PBXFrameworksBuildPhase section */
		DAC336271E9D20EE0022D7ED /* Frameworks */ = {
			isa = PBXFrameworksBuildPhase;
			buildActionMask = 2147483647;
			files = (
			);
			runOnlyForDeploymentPostprocessing = 0;
		};
/* End PBXFrameworksBuildPhase section */

/* Begin PBXGroup section */
		DA134A761E9D48E1002BE57D /* Metal */ = {
			isa = PBXGroup;
			children = (
				DA134A8C1E9D549E002BE57D /* MetalBufferableProtocol.swift */,
				DA134A8D1E9D549E002BE57D /* MetalSpatialDirectionPositive.swift */,
				DA134A8E1E9D549E002BE57D /* MetalPosition.swift */,
				DA134A8F1E9D549E002BE57D /* MetalVertexFace.swift */,
				DA134A901E9D549E002BE57D /* MetalProjection.swift */,
				DA134A911E9D549E002BE57D /* MetalVertexTextured.swift */,
				DA134A921E9D549E002BE57D /* MetalSpatialBase.swift */,
				DA134A931E9D549E002BE57D /* MetalSpatialDirection.swift */,
				DA134A941E9D549E002BE57D /* MetalProjectionMatrix.swift */,
				DA134A951E9D549E002BE57D /* MetalShaderStructs.h */,
				DA134A961E9D549E002BE57D /* MetalRenderableProtocol.swift */,
				DA134A971E9D549E002BE57D /* MetalSpatialDirectionNegative.swift */,
				DA134A981E9D549E002BE57D /* MetalShaderVertexTextured.metal */,
				DA134A991E9D549E002BE57D /* MetalSpatialShapeSquare.swift */,
				DA134A9A1E9D549E002BE57D /* MetalRotation.swift */,
				DA134A9B1E9D549E002BE57D /* MetalSpatialShapeSquarePositive.swift */,
				DA134A9C1E9D549E002BE57D /* MetalShaderFragmentSimple.metal */,
				DA134A9D1E9D549E002BE57D /* MetalVertex.swift */,
				DA134A771E9D48ED002BE57D /* MetalConstants.swift */,
			);
			path = Metal;
			sourceTree = "<group>";
		};
		DA134A791E9D4A05002BE57D /* Scanner */ = {
			isa = PBXGroup;
			children = (
				DA134A7A1E9D4A24002BE57D /* MScannerCamera.swift */,
				DA4DC4571EA12E1C0024D28E /* MScannerOrientation.swift */,
				DA134A7C1E9D4EAC002BE57D /* MScannerMotion.swift */,
				DA134A7E1E9D4EE9002BE57D /* MScannerRender.swift */,
				DA134A801E9D4FC1002BE57D /* MScannerRenderBackground.swift */,
				DA134AB71E9D89C3002BE57D /* MScannerRenderMines.swift */,
				DA134AB91E9D89CC002BE57D /* MScannerRenderMinesItem.swift */,
				DA134AB11E9D6DB5002BE57D /* MScannerGPS.swift */,
			);
			path = Scanner;
			sourceTree = "<group>";
		};
		DAC336211E9D20EE0022D7ED = {
			isa = PBXGroup;
			children = (
				DAC3362C1E9D20EE0022D7ED /* box */,
				DAC3362B1E9D20EE0022D7ED /* Products */,
			);
			sourceTree = "<group>";
		};
		DAC3362B1E9D20EE0022D7ED /* Products */ = {
			isa = PBXGroup;
			children = (
				DAC3362A1E9D20EE0022D7ED /* box.app */,
			);
			name = Products;
			sourceTree = "<group>";
		};
		DAC3362C1E9D20EE0022D7ED /* box */ = {
			isa = PBXGroup;
			children = (
				DA134A761E9D48E1002BE57D /* Metal */,
				DAF15D301E9D32BB0000E6B9 /* Assets */,
				DAF15D321E9D32BB0000E6B9 /* Controller */,
				DAF15D361E9D32BB0000E6B9 /* Data */,
				DAF15D391E9D32BB0000E6B9 /* Extensions */,
				DAF15D431E9D32BB0000E6B9 /* Model */,
				DAF15D461E9D32BB0000E6B9 /* Resource */,
				DAF15D491E9D32BB0000E6B9 /* View */,
				DAC336391E9D20EE0022D7ED /* Info.plist */,
			);
			path = box;
			sourceTree = "<group>";
		};
		DAF15D301E9D32BB0000E6B9 /* Assets */ = {
			isa = PBXGroup;
			children = (
				DAF15D311E9D32BB0000E6B9 /* LaunchScreen.storyboard */,
				DA134AAF1E9D5D69002BE57D /* texture.xcassets */,
			);
			path = Assets;
			sourceTree = "<group>";
		};
		DAF15D321E9D32BB0000E6B9 /* Controller */ = {
			isa = PBXGroup;
			children = (
				DAF15D331E9D32BB0000E6B9 /* CAppDelegate.swift */,
				DAF15D341E9D32BB0000E6B9 /* CController.swift */,
				DAF15D351E9D32BB0000E6B9 /* CParent.swift */,
				DAF15D731E9D34FF0000E6B9 /* CLanding.swift */,
				DAF15D781E9D40A20000E6B9 /* CScanner.swift */,
			);
			path = Controller;
			sourceTree = "<group>";
		};
		DAF15D361E9D32BB0000E6B9 /* Data */ = {
			isa = PBXGroup;
			children = (
				DAF15D371E9D32BB0000E6B9 /* DManager.swift */,
				DAF15D381E9D32BB0000E6B9 /* DSettingsExtension.swift */,
				DAF15D701E9D34810000E6B9 /* DBox.xcdatamodeld */,
			);
			path = Data;
			sourceTree = "<group>";
		};
		DAF15D391E9D32BB0000E6B9 /* Extensions */ = {
			isa = PBXGroup;
			children = (
				DA134A841E9D5076002BE57D /* ExtensionMTKTextureLoader.swift */,
				DA134A851E9D5076002BE57D /* ExtensionMTLDevice.swift */,
				DA134A861E9D5076002BE57D /* ExtensionMTLRenderCommandEncoder.swift */,
				DA134A871E9D5076002BE57D /* ExtensionMTLTexture.swift */,
				DAF15D3A1E9D32BB0000E6B9 /* ExtensionFileManager.swift */,
				DAF15D3B1E9D32BB0000E6B9 /* ExtensionNotification.swift */,
				DAF15D3C1E9D32BB0000E6B9 /* ExtensionNSLayoutConstraint.swift */,
				DAF15D3D1E9D32BB0000E6B9 /* ExtensionNSManagedObject.swift */,
				DAF15D3E1E9D32BB0000E6B9 /* ExtensionString.swift */,
				DAF15D3F1E9D32BB0000E6B9 /* ExtensionUICollectionReusableView.swift */,
				DAF15D401E9D32BB0000E6B9 /* ExtensionUIColor.swift */,
				DAF15D411E9D32BB0000E6B9 /* ExtensionUIFont.swift */,
				DAF15D421E9D32BB0000E6B9 /* ExtensionURL.swift */,
			);
			path = Extensions;
			sourceTree = "<group>";
		};
		DAF15D431E9D32BB0000E6B9 /* Model */ = {
			isa = PBXGroup;
			children = (
				DA134A791E9D4A05002BE57D /* Scanner */,
				DAF15D441E9D32BB0000E6B9 /* Main */,
			);
			path = Model;
			sourceTree = "<group>";
		};
		DAF15D441E9D32BB0000E6B9 /* Main */ = {
			isa = PBXGroup;
			children = (
				DAF15D451E9D32BB0000E6B9 /* MSession.swift */,
			);
			path = Main;
			sourceTree = "<group>";
		};
		DAF15D461E9D32BB0000E6B9 /* Resource */ = {
			isa = PBXGroup;
			children = (
				DAF15D471E9D32BB0000E6B9 /* Localizable.strings */,
			);
			path = Resource;
			sourceTree = "<group>";
		};
		DAF15D491E9D32BB0000E6B9 /* View */ = {
			isa = PBXGroup;
			children = (
				DAF15D7A1E9D40B40000E6B9 /* Scanner */,
				DAF15D751E9D35C50000E6B9 /* Landing */,
				DAF15D4A1E9D32BB0000E6B9 /* Main */,
			);
			path = View;
			sourceTree = "<group>";
		};
		DAF15D4A1E9D32BB0000E6B9 /* Main */ = {
			isa = PBXGroup;
			children = (
				DAF15D4B1E9D32BB0000E6B9 /* VAlert.swift */,
				DAF15D4C1E9D32BB0000E6B9 /* VBlur.swift */,
				DAF15D4D1E9D32BB0000E6B9 /* VBorder.swift */,
				DAF15D4E1E9D32BB0000E6B9 /* VCollection.swift */,
				DAF15D4F1E9D32BB0000E6B9 /* VCollectionFlow.swift */,
				DAF15D501E9D32BB0000E6B9 /* VParent.swift */,
				DAF15D511E9D32BB0000E6B9 /* VParentPushBackground.swift */,
				DAF15D521E9D32BB0000E6B9 /* VSpinner.swift */,
				DAF15D531E9D32BB0000E6B9 /* VToast.swift */,
				DAF15D541E9D32BB0000E6B9 /* VView.swift */,
			);
			path = Main;
			sourceTree = "<group>";
		};
		DAF15D751E9D35C50000E6B9 /* Landing */ = {
			isa = PBXGroup;
			children = (
				DAF15D761E9D35CF0000E6B9 /* VLanding.swift */,
			);
			path = Landing;
			sourceTree = "<group>";
		};
		DAF15D7A1E9D40B40000E6B9 /* Scanner */ = {
			isa = PBXGroup;
			children = (
				DAF15D7B1E9D40BC0000E6B9 /* VScanner.swift */,
				DAF15D7D1E9D47A40000E6B9 /* VScannerMetal.swift */,
			);
			path = Scanner;
			sourceTree = "<group>";
		};
/* End PBXGroup section */

/* Begin PBXNativeTarget section */
		DAC336291E9D20EE0022D7ED /* box */ = {
			isa = PBXNativeTarget;
			buildConfigurationList = DAC3363C1E9D20EE0022D7ED /* Build configuration list for PBXNativeTarget "box" */;
			buildPhases = (
				DAC336261E9D20EE0022D7ED /* Sources */,
				DAC336271E9D20EE0022D7ED /* Frameworks */,
				DAC336281E9D20EE0022D7ED /* Resources */,
			);
			buildRules = (
			);
			dependencies = (
			);
			name = box;
			productName = box;
			productReference = DAC3362A1E9D20EE0022D7ED /* box.app */;
			productType = "com.apple.product-type.application";
		};
/* End PBXNativeTarget section */

/* Begin PBXProject section */
		DAC336221E9D20EE0022D7ED /* Project object */ = {
			isa = PBXProject;
			attributes = {
				LastSwiftUpdateCheck = 0830;
				LastUpgradeCheck = 0830;
				ORGANIZATIONNAME = iturbide;
				TargetAttributes = {
					DAC336291E9D20EE0022D7ED = {
						CreatedOnToolsVersion = 8.3;
						DevelopmentTeam = 7AMWG3RLHN;
						ProvisioningStyle = Automatic;
					};
				};
			};
			buildConfigurationList = DAC336251E9D20EE0022D7ED /* Build configuration list for PBXProject "box" */;
			compatibilityVersion = "Xcode 3.2";
			developmentRegion = English;
			hasScannedForEncodings = 0;
			knownRegions = (
				en,
			);
			mainGroup = DAC336211E9D20EE0022D7ED;
			productRefGroup = DAC3362B1E9D20EE0022D7ED /* Products */;
			projectDirPath = "";
			projectRoot = "";
			targets = (
				DAC336291E9D20EE0022D7ED /* box */,
			);
		};
/* End PBXProject section */

/* Begin PBXResourcesBuildPhase section */
		DAC336281E9D20EE0022D7ED /* Resources */ = {
			isa = PBXResourcesBuildPhase;
			buildActionMask = 2147483647;
			files = (
				DAF15D551E9D32BB0000E6B9 /* LaunchScreen.storyboard in Resources */,
				DAF15D651E9D32BB0000E6B9 /* Localizable.strings in Resources */,
				DA134AB01E9D5D69002BE57D /* texture.xcassets in Resources */,
			);
			runOnlyForDeploymentPostprocessing = 0;
		};
/* End PBXResourcesBuildPhase section */

/* Begin PBXSourcesBuildPhase section */
		DAC336261E9D20EE0022D7ED /* Sources */ = {
			isa = PBXSourcesBuildPhase;
			buildActionMask = 2147483647;
			files = (
				DA134A811E9D4FC1002BE57D /* MScannerRenderBackground.swift in Sources */,
				DA134A881E9D5076002BE57D /* ExtensionMTKTextureLoader.swift in Sources */,
				DA134AA21E9D549E002BE57D /* MetalProjection.swift in Sources */,
				DA134A7B1E9D4A24002BE57D /* MScannerCamera.swift in Sources */,
				DAF15D6C1E9D32BB0000E6B9 /* VParentPushBackground.swift in Sources */,
				DAF15D5F1E9D32BB0000E6B9 /* ExtensionString.swift in Sources */,
				DA134ABA1E9D89CC002BE57D /* MScannerRenderMinesItem.swift in Sources */,
				DA134A7F1E9D4EE9002BE57D /* MScannerRender.swift in Sources */,
				DA134A8B1E9D5076002BE57D /* ExtensionMTLTexture.swift in Sources */,
				DA134AAB1E9D549E002BE57D /* MetalRotation.swift in Sources */,
				DAF15D791E9D40A20000E6B9 /* CScanner.swift in Sources */,
				DA134A9E1E9D549E002BE57D /* MetalBufferableProtocol.swift in Sources */,
				DA134AA61E9D549E002BE57D /* MetalProjectionMatrix.swift in Sources */,
				DA134AA71E9D549E002BE57D /* MetalRenderableProtocol.swift in Sources */,
				DAF15D591E9D32BB0000E6B9 /* DManager.swift in Sources */,
				DA134AA11E9D549E002BE57D /* MetalVertexFace.swift in Sources */,
				DAF15D741E9D34FF0000E6B9 /* CLanding.swift in Sources */,
				DAF15D5E1E9D32BB0000E6B9 /* ExtensionNSManagedObject.swift in Sources */,
				DAF15D5B1E9D32BB0000E6B9 /* ExtensionFileManager.swift in Sources */,
				DA134AB21E9D6DB5002BE57D /* MScannerGPS.swift in Sources */,
				DA134AA91E9D549E002BE57D /* MetalShaderVertexTextured.metal in Sources */,
				DA134AAD1E9D549E002BE57D /* MetalShaderFragmentSimple.metal in Sources */,
				DAF15D5C1E9D32BB0000E6B9 /* ExtensionNotification.swift in Sources */,
				DA134AA81E9D549E002BE57D /* MetalSpatialDirectionNegative.swift in Sources */,
				DA134AA51E9D549E002BE57D /* MetalSpatialDirection.swift in Sources */,
				DA134A9F1E9D549E002BE57D /* MetalSpatialDirectionPositive.swift in Sources */,
				DAF15D661E9D32BB0000E6B9 /* VAlert.swift in Sources */,
				DAF15D681E9D32BB0000E6B9 /* VBorder.swift in Sources */,
				DA134AAE1E9D549E002BE57D /* MetalVertex.swift in Sources */,
				DAF15D6E1E9D32BB0000E6B9 /* VToast.swift in Sources */,
				DAF15D621E9D32BB0000E6B9 /* ExtensionUIFont.swift in Sources */,
				DAF15D561E9D32BB0000E6B9 /* CAppDelegate.swift in Sources */,
				DA134AB81E9D89C3002BE57D /* MScannerRenderMines.swift in Sources */,
				DAF15D6B1E9D32BB0000E6B9 /* VParent.swift in Sources */,
				DA134AA31E9D549E002BE57D /* MetalVertexTextured.swift in Sources */,
				DAF15D671E9D32BB0000E6B9 /* VBlur.swift in Sources */,
				DAF15D6A1E9D32BB0000E6B9 /* VCollectionFlow.swift in Sources */,
				DAF15D571E9D32BB0000E6B9 /* CController.swift in Sources */,
				DAF15D611E9D32BB0000E6B9 /* ExtensionUIColor.swift in Sources */,
				DA134AA41E9D549E002BE57D /* MetalSpatialBase.swift in Sources */,
				DAF15D6F1E9D32BB0000E6B9 /* VView.swift in Sources */,
				DAF15D601E9D32BB0000E6B9 /* ExtensionUICollectionReusableView.swift in Sources */,
				DAF15D581E9D32BB0000E6B9 /* CParent.swift in Sources */,
				DA134A8A1E9D5076002BE57D /* ExtensionMTLRenderCommandEncoder.swift in Sources */,
				DA134AAA1E9D549E002BE57D /* MetalSpatialShapeSquare.swift in Sources */,
				DAF15D7E1E9D47A40000E6B9 /* VScannerMetal.swift in Sources */,
				DAF15D771E9D35CF0000E6B9 /* VLanding.swift in Sources */,
				DA134A7D1E9D4EAC002BE57D /* MScannerMotion.swift in Sources */,
				DAF15D5A1E9D32BB0000E6B9 /* DSettingsExtension.swift in Sources */,
				DAF15D721E9D34810000E6B9 /* DBox.xcdatamodeld in Sources */,
				DAF15D691E9D32BB0000E6B9 /* VCollection.swift in Sources */,
				DAF15D6D1E9D32BB0000E6B9 /* VSpinner.swift in Sources */,
				DAF15D5D1E9D32BB0000E6B9 /* ExtensionNSLayoutConstraint.swift in Sources */,
				DA134AA01E9D549E002BE57D /* MetalPosition.swift in Sources */,
				DAF15D641E9D32BB0000E6B9 /* MSession.swift in Sources */,
				DA134A891E9D5076002BE57D /* ExtensionMTLDevice.swift in Sources */,
				DA4DC4581EA12E1C0024D28E /* MScannerOrientation.swift in Sources */,
				DAF15D631E9D32BB0000E6B9 /* ExtensionURL.swift in Sources */,
				DAF15D7C1E9D40BC0000E6B9 /* VScanner.swift in Sources */,
				DA134AAC1E9D549E002BE57D /* MetalSpatialShapeSquarePositive.swift in Sources */,
				DA134A781E9D48ED002BE57D /* MetalConstants.swift in Sources */,
			);
			runOnlyForDeploymentPostprocessing = 0;
		};
/* End PBXSourcesBuildPhase section */

/* Begin PBXVariantGroup section */
		DAF15D471E9D32BB0000E6B9 /* Localizable.strings */ = {
			isa = PBXVariantGroup;
			children = (
				DAF15D481E9D32BB0000E6B9 /* en */,
			);
			name = Localizable.strings;
			sourceTree = "<group>";
		};
/* End PBXVariantGroup section */

/* Begin XCBuildConfiguration section */
		DAC3363A1E9D20EE0022D7ED /* Debug */ = {
			isa = XCBuildConfiguration;
			buildSettings = {
				ALWAYS_SEARCH_USER_PATHS = NO;
				CLANG_ANALYZER_NONNULL = YES;
				CLANG_ANALYZER_NUMBER_OBJECT_CONVERSION = YES_AGGRESSIVE;
				CLANG_CXX_LANGUAGE_STANDARD = "gnu++0x";
				CLANG_CXX_LIBRARY = "libc++";
				CLANG_ENABLE_MODULES = YES;
				CLANG_ENABLE_OBJC_ARC = YES;
				CLANG_WARN_BOOL_CONVERSION = YES;
				CLANG_WARN_CONSTANT_CONVERSION = YES;
				CLANG_WARN_DIRECT_OBJC_ISA_USAGE = YES_ERROR;
				CLANG_WARN_DOCUMENTATION_COMMENTS = YES;
				CLANG_WARN_EMPTY_BODY = YES;
				CLANG_WARN_ENUM_CONVERSION = YES;
				CLANG_WARN_INFINITE_RECURSION = YES;
				CLANG_WARN_INT_CONVERSION = YES;
				CLANG_WARN_OBJC_ROOT_CLASS = YES_ERROR;
				CLANG_WARN_SUSPICIOUS_MOVE = YES;
				CLANG_WARN_UNREACHABLE_CODE = YES;
				CLANG_WARN__DUPLICATE_METHOD_MATCH = YES;
				"CODE_SIGN_IDENTITY[sdk=iphoneos*]" = "iPhone Developer";
				COPY_PHASE_STRIP = NO;
				DEBUG_INFORMATION_FORMAT = dwarf;
				ENABLE_STRICT_OBJC_MSGSEND = YES;
				ENABLE_TESTABILITY = YES;
				GCC_C_LANGUAGE_STANDARD = gnu99;
				GCC_DYNAMIC_NO_PIC = NO;
				GCC_NO_COMMON_BLOCKS = YES;
				GCC_OPTIMIZATION_LEVEL = 0;
				GCC_PREPROCESSOR_DEFINITIONS = (
					"DEBUG=1",
					"$(inherited)",
				);
				GCC_WARN_64_TO_32_BIT_CONVERSION = YES;
				GCC_WARN_ABOUT_RETURN_TYPE = YES_ERROR;
				GCC_WARN_UNDECLARED_SELECTOR = YES;
				GCC_WARN_UNINITIALIZED_AUTOS = YES_AGGRESSIVE;
				GCC_WARN_UNUSED_FUNCTION = YES;
				GCC_WARN_UNUSED_VARIABLE = YES;
				IPHONEOS_DEPLOYMENT_TARGET = 9.0;
				MTL_ENABLE_DEBUG_INFO = YES;
				ONLY_ACTIVE_ARCH = YES;
				SDKROOT = iphoneos;
				SWIFT_ACTIVE_COMPILATION_CONDITIONS = DEBUG;
				SWIFT_OPTIMIZATION_LEVEL = "-Onone";
				TARGETED_DEVICE_FAMILY = "1,2";
			};
			name = Debug;
		};
		DAC3363B1E9D20EE0022D7ED /* Release */ = {
			isa = XCBuildConfiguration;
			buildSettings = {
				ALWAYS_SEARCH_USER_PATHS = NO;
				CLANG_ANALYZER_NONNULL = YES;
				CLANG_ANALYZER_NUMBER_OBJECT_CONVERSION = YES_AGGRESSIVE;
				CLANG_CXX_LANGUAGE_STANDARD = "gnu++0x";
				CLANG_CXX_LIBRARY = "libc++";
				CLANG_ENABLE_MODULES = YES;
				CLANG_ENABLE_OBJC_ARC = YES;
				CLANG_WARN_BOOL_CONVERSION = YES;
				CLANG_WARN_CONSTANT_CONVERSION = YES;
				CLANG_WARN_DIRECT_OBJC_ISA_USAGE = YES_ERROR;
				CLANG_WARN_DOCUMENTATION_COMMENTS = YES;
				CLANG_WARN_EMPTY_BODY = YES;
				CLANG_WARN_ENUM_CONVERSION = YES;
				CLANG_WARN_INFINITE_RECURSION = YES;
				CLANG_WARN_INT_CONVERSION = YES;
				CLANG_WARN_OBJC_ROOT_CLASS = YES_ERROR;
				CLANG_WARN_SUSPICIOUS_MOVE = YES;
				CLANG_WARN_UNREACHABLE_CODE = YES;
				CLANG_WARN__DUPLICATE_METHOD_MATCH = YES;
				"CODE_SIGN_IDENTITY[sdk=iphoneos*]" = "iPhone Developer";
				COPY_PHASE_STRIP = NO;
				DEBUG_INFORMATION_FORMAT = "dwarf-with-dsym";
				ENABLE_NS_ASSERTIONS = NO;
				ENABLE_STRICT_OBJC_MSGSEND = YES;
				GCC_C_LANGUAGE_STANDARD = gnu99;
				GCC_NO_COMMON_BLOCKS = YES;
				GCC_WARN_64_TO_32_BIT_CONVERSION = YES;
				GCC_WARN_ABOUT_RETURN_TYPE = YES_ERROR;
				GCC_WARN_UNDECLARED_SELECTOR = YES;
				GCC_WARN_UNINITIALIZED_AUTOS = YES_AGGRESSIVE;
				GCC_WARN_UNUSED_FUNCTION = YES;
				GCC_WARN_UNUSED_VARIABLE = YES;
				IPHONEOS_DEPLOYMENT_TARGET = 9.0;
				MTL_ENABLE_DEBUG_INFO = NO;
				SDKROOT = iphoneos;
				SWIFT_OPTIMIZATION_LEVEL = "-Owholemodule";
				TARGETED_DEVICE_FAMILY = "1,2";
				VALIDATE_PRODUCT = YES;
			};
			name = Release;
		};
		DAC3363D1E9D20EE0022D7ED /* Debug */ = {
			isa = XCBuildConfiguration;
			buildSettings = {
				DEVELOPMENT_TEAM = 7AMWG3RLHN;
				INFOPLIST_FILE = box/Info.plist;
				LD_RUNPATH_SEARCH_PATHS = "$(inherited) @executable_path/Frameworks";
				PRODUCT_BUNDLE_IDENTIFIER = iturbide.box;
				PRODUCT_NAME = "$(TARGET_NAME)";
				SWIFT_VERSION = 3.0;
				TARGETED_DEVICE_FAMILY = "1,2";
			};
			name = Debug;
		};
		DAC3363E1E9D20EE0022D7ED /* Release */ = {
			isa = XCBuildConfiguration;
			buildSettings = {
				DEVELOPMENT_TEAM = 7AMWG3RLHN;
				INFOPLIST_FILE = box/Info.plist;
				LD_RUNPATH_SEARCH_PATHS = "$(inherited) @executable_path/Frameworks";
				PRODUCT_BUNDLE_IDENTIFIER = iturbide.box;
				PRODUCT_NAME = "$(TARGET_NAME)";
				SWIFT_VERSION = 3.0;
				TARGETED_DEVICE_FAMILY = "1,2";
			};
			name = Release;
		};
/* End XCBuildConfiguration section */

/* Begin XCConfigurationList section */
		DAC336251E9D20EE0022D7ED /* Build configuration list for PBXProject "box" */ = {
			isa = XCConfigurationList;
			buildConfigurations = (
				DAC3363A1E9D20EE0022D7ED /* Debug */,
				DAC3363B1E9D20EE0022D7ED /* Release */,
			);
			defaultConfigurationIsVisible = 0;
			defaultConfigurationName = Release;
		};
		DAC3363C1E9D20EE0022D7ED /* Build configuration list for PBXNativeTarget "box" */ = {
			isa = XCConfigurationList;
			buildConfigurations = (
				DAC3363D1E9D20EE0022D7ED /* Debug */,
				DAC3363E1E9D20EE0022D7ED /* Release */,
			);
			defaultConfigurationIsVisible = 0;
			defaultConfigurationName = Release;
		};
/* End XCConfigurationList section */

/* Begin XCVersionGroup section */
		DAF15D701E9D34810000E6B9 /* DBox.xcdatamodeld */ = {
			isa = XCVersionGroup;
			children = (
				DAF15D711E9D34810000E6B9 /* DBox.xcdatamodel */,
			);
			currentVersion = DAF15D711E9D34810000E6B9 /* DBox.xcdatamodel */;
			path = DBox.xcdatamodeld;
			sourceTree = "<group>";
			versionGroupType = wrapper.xcdatamodel;
		};
/* End XCVersionGroup section */
	};
	rootObject = DAC336221E9D20EE0022D7ED /* Project object */;
}
